
Microsoft Visual Studio Solution File, Format Version 12.00
# Visual Studio Version 16
VisualStudioVersion = 16.0.32901.82
MinimumVisualStudioVersion = 10.0.40219.1
Project("{FAE04EC0-301F-11D3-BF4B-00C04F79EFBC}") = "PED PROJECT", "PED PROJECT\PED PROJECT.csproj", "{636A7129-771C-4A09-90B5-4905C84AF4F1}"
EndProject
Global
	GlobalSection(SolutionConfigurationPlatforms) = preSolution
		Debug|Any CPU = Debug|Any CPU
		Release|Any CPU = Release|Any CPU
	EndGlobalSection
	GlobalSection(ProjectConfigurationPlatforms) = postSolution
		{636A7129-771C-4A09-90B5-4905C84AF4F1}.Debug|Any CPU.ActiveCfg = Debug|Any CPU
		{636A7129-771C-4A09-90B5-4905C84AF4F1}.Debug|Any CPU.Build.0 = Debug|Any CPU
		{636A7129-771C-4A09-90B5-4905C84AF4F1}.Release|Any CPU.ActiveCfg = Release|Any CPU
		{636A7129-771C-4A09-90B5-4905C84AF4F1}.Release|Any CPU.Build.0 = Release|Any CPU
	EndGlobalSection
	GlobalSection(SolutionProperties) = preSolution
		HideSolutionNode = FALSE
	EndGlobalSection
	GlobalSection(ExtensibilityGlobals) = postSolution
		SolutionGuid = {EE9D6CEF-DE1A-47CA-9D31-A2E9949B0F4F}
	EndGlobalSection
EndGlobal
